PODS:
  - Kingfisher (3.3.4)
  - ObjectMapper (2.2.2)
  - RxCocoa (3.0.1):
    - RxSwift (~> 3.0)
  - RxSwift (3.0.1)

DEPENDENCIES:
  - Kingfisher
  - ObjectMapper (= 2.2.2)
  - RxCocoa (= 3.0.1)
  - RxSwift (= 3.0.1)

SPEC CHECKSUMS:
  Kingfisher: 35f289f015d26e81ea6c85048718c6205f3933c6
  ObjectMapper: 9e385c2295bcc4e16eabbcfc85db801442bba545
  RxCocoa: 15a52fc590dcc700cb4a690a633b5c5184ce3a78
  RxSwift: af5680055c4ad04480189c52d28385b1029493a6

PODFILE CHECKSUM: bc96a32d5b420ff437f6c25b4f3f1e0ce74c6d8e

COCOAPODS: 1.1.1
